
Microsoft Visual Studio Solution File, Format Version 12.00
# Visual Studio Version 17
VisualStudioVersion = 17.2.32616.157
MinimumVisualStudioVersion = 10.0.40219.1
Project("{9A19103F-16F7-4668-BE54-9A1E7A4F7556}") = "BehaviorTrees", "BehaviorTrees\BehaviorTrees.csproj", "{7379EA56-D19D-4827-A614-BF969C493212}"
EndProject
Project("{9A19103F-16F7-4668-BE54-9A1E7A4F7556}") = "BehaviorTreesEditor", "BehaviorTreeEditor\BehaviorTreesEditor.csproj", "{562E65D4-934F-49C8-B1C2-020C79F9B92A}"
EndProject
Project("{FAE04EC0-301F-11D3-BF4B-00C04F79EFBC}") = "Simulator", "Simulator\Simulator.csproj", "{8EAF4F18-9232-41EF-B844-AECED2C50B27}"
EndProject
Project("{FAE04EC0-301F-11D3-BF4B-00C04F79EFBC}") = "Nodes", "Nodes\Nodes.csproj", "{8929E8E5-98B4-4003-8197-7B71AF9A656A}"
EndProject
Global
	GlobalSection(SolutionConfigurationPlatforms) = preSolution
		Debug|Any CPU = Debug|Any CPU
		Release|Any CPU = Release|Any CPU
	EndGlobalSection
	GlobalSection(ProjectConfigurationPlatforms) = postSolution
		{7379EA56-D19D-4827-A614-BF969C493212}.Debug|Any CPU.ActiveCfg = Debug|Any CPU
		{7379EA56-D19D-4827-A614-BF969C493212}.Debug|Any CPU.Build.0 = Debug|Any CPU
		{7379EA56-D19D-4827-A614-BF969C493212}.Release|Any CPU.ActiveCfg = Release|Any CPU
		{7379EA56-D19D-4827-A614-BF969C493212}.Release|Any CPU.Build.0 = Release|Any CPU
		{562E65D4-934F-49C8-B1C2-020C79F9B92A}.Debug|Any CPU.ActiveCfg = Debug|Any CPU
		{562E65D4-934F-49C8-B1C2-020C79F9B92A}.Debug|Any CPU.Build.0 = Debug|Any CPU
		{562E65D4-934F-49C8-B1C2-020C79F9B92A}.Release|Any CPU.ActiveCfg = Release|Any CPU
		{562E65D4-934F-49C8-B1C2-020C79F9B92A}.Release|Any CPU.Build.0 = Release|Any CPU
		{8EAF4F18-9232-41EF-B844-AECED2C50B27}.Debug|Any CPU.ActiveCfg = Debug|Any CPU
		{8EAF4F18-9232-41EF-B844-AECED2C50B27}.Debug|Any CPU.Build.0 = Debug|Any CPU
		{8EAF4F18-9232-41EF-B844-AECED2C50B27}.Release|Any CPU.ActiveCfg = Release|Any CPU
		{8EAF4F18-9232-41EF-B844-AECED2C50B27}.Release|Any CPU.Build.0 = Release|Any CPU
		{8929E8E5-98B4-4003-8197-7B71AF9A656A}.Debug|Any CPU.ActiveCfg = Debug|Any CPU
		{8929E8E5-98B4-4003-8197-7B71AF9A656A}.Debug|Any CPU.Build.0 = Debug|Any CPU
		{8929E8E5-98B4-4003-8197-7B71AF9A656A}.Release|Any CPU.ActiveCfg = Release|Any CPU
		{8929E8E5-98B4-4003-8197-7B71AF9A656A}.Release|Any CPU.Build.0 = Release|Any CPU
	EndGlobalSection
	GlobalSection(SolutionProperties) = preSolution
		HideSolutionNode = FALSE
	EndGlobalSection
	GlobalSection(ExtensibilityGlobals) = postSolution
		SolutionGuid = {7EEA5E1A-BBB8-4943-96AC-F0F4FB8D97A1}
	EndGlobalSection
EndGlobal
